
Microsoft Visual Studio Solution File, Format Version 12.00
# Visual Studio 2012
Project("{FAE04EC0-301F-11D3-BF4B-00C04F79EFBC}") = "nilnul.collection(130408", "nilnul.collection(130408.csproj", "{23E74796-191B-415D-A3C9-67BEDB7C0216}"
EndProject
Project("{E24C65DC-7377-472B-9ABA-BC803B73C61A}") = "nilnul.collection(130115", ".", "{80060508-C5F3-4AAA-A05F-1BA90636DAAF}"
	ProjectSection(WebsiteProperties) = preProject
		TargetFrameworkMoniker = ".NETFramework,Version%3Dv4.0"
		Debug.AspNetCompiler.VirtualPath = "/nilnul.collection(130115(1)"
		Debug.AspNetCompiler.PhysicalPath = "..\nilnul.collection(130115\"
		Debug.AspNetCompiler.TargetPath = "PrecompiledWeb\nilnul.collection(130115(1)\"
		Debug.AspNetCompiler.Updateable = "true"
		Debug.AspNetCompiler.ForceOverwrite = "true"
		Debug.AspNetCompiler.FixedNames = "false"
		Debug.AspNetCompiler.Debug = "True"
		Release.AspNetCompiler.VirtualPath = "/nilnul.collection(130115(1)"
		Release.AspNetCompiler.PhysicalPath = "..\nilnul.collection(130115\"
		Release.AspNetCompiler.TargetPath = "PrecompiledWeb\nilnul.collection(130115(1)\"
		Release.AspNetCompiler.Updateable = "true"
		Release.AspNetCompiler.ForceOverwrite = "true"
		Release.AspNetCompiler.FixedNames = "false"
		Release.AspNetCompiler.Debug = "False"
		VWDPort = "2601"
	EndProjectSection
EndProject
Global
	GlobalSection(SolutionConfigurationPlatforms) = preSolution
		Debug|Any CPU = Debug|Any CPU
		Release|Any CPU = Release|Any CPU
	EndGlobalSection
	GlobalSection(ProjectConfigurationPlatforms) = postSolution
		{23E74796-191B-415D-A3C9-67BEDB7C0216}.Debug|Any CPU.ActiveCfg = Debug|Any CPU
		{23E74796-191B-415D-A3C9-67BEDB7C0216}.Debug|Any CPU.Build.0 = Debug|Any CPU
		{23E74796-191B-415D-A3C9-67BEDB7C0216}.Release|Any CPU.ActiveCfg = Release|Any CPU
		{23E74796-191B-415D-A3C9-67BEDB7C0216}.Release|Any CPU.Build.0 = Release|Any CPU
		{80060508-C5F3-4AAA-A05F-1BA90636DAAF}.Debug|Any CPU.ActiveCfg = Debug|Any CPU
		{80060508-C5F3-4AAA-A05F-1BA90636DAAF}.Debug|Any CPU.Build.0 = Debug|Any CPU
		{80060508-C5F3-4AAA-A05F-1BA90636DAAF}.Release|Any CPU.ActiveCfg = Debug|Any CPU
		{80060508-C5F3-4AAA-A05F-1BA90636DAAF}.Release|Any CPU.Build.0 = Debug|Any CPU
	EndGlobalSection
	GlobalSection(SolutionProperties) = preSolution
		HideSolutionNode = FALSE
	EndGlobalSection
EndGlobal
